
Microsoft Visual Studio Solution File, Format Version 12.00
# Visual Studio Version 16
VisualStudioVersion = 16.0.33927.289
MinimumVisualStudioVersion = 10.0.40219.1
Project("{2150E333-8FDC-42A3-9474-1A3956D46DE8}") = "Task0", "Task0", "{E36B434C-FA17-4DDB-AE99-C1D1AA097476}"
EndProject
Project("{FAE04EC0-301F-11D3-BF4B-00C04F79EFBC}") = "Tyuiu.GornovTA.Sprint2.Task0.V7", "Tyuiu.GornovTA.Sprint2.Task0.V7\Tyuiu.GornovTA.Sprint2.Task0.V7.csproj", "{5D9940B9-C0A4-4643-8B4A-7E12A2F744E3}"
EndProject
Project("{FAE04EC0-301F-11D3-BF4B-00C04F79EFBC}") = "Tyuiu.GornovTA.Sprint2.Task0.V7.Test", "Tyuiu.GornovTA.Sprint2.Task0.V7.Test\Tyuiu.GornovTA.Sprint2.Task0.V7.Test.csproj", "{F3B0B7E4-41BA-4668-8FF5-E4C10578EB47}"
EndProject
Project("{FAE04EC0-301F-11D3-BF4B-00C04F79EFBC}") = "Tyuiu.GornovTA.Sprint2.Task0.V7.Lib", "Tyuiu.GornovTA.Sprint2.Task0.V7.Lib\Tyuiu.GornovTA.Sprint2.Task0.V7.Lib.csproj", "{85949E37-7CCC-46EB-A5D0-9133C1F5BFA7}"
EndProject
Project("{2150E333-8FDC-42A3-9474-1A3956D46DE8}") = "Task1", "Task1", "{0152927E-8FA5-4846-94A9-9F25A6E33D2D}"
EndProject
Project("{FAE04EC0-301F-11D3-BF4B-00C04F79EFBC}") = "Tyuiu.GornovTA.Sprint2.Task1.V14", "Tyuiu.GornovTA.Sprint2.Task1.V14\Tyuiu.GornovTA.Sprint2.Task1.V14.csproj", "{AAD454FC-6C88-47BA-ACB1-FB530974CC44}"
EndProject
Project("{FAE04EC0-301F-11D3-BF4B-00C04F79EFBC}") = "Tyuiu.GornovTA.Sprint2.Task1.V14.Lib", "Tyuiu.GornovTA.Sprint2.Task1.V14.Lib\Tyuiu.GornovTA.Sprint2.Task1.V14.Lib.csproj", "{AB17E8A5-0886-42ED-8B3A-856EDB1013F2}"
EndProject
Project("{FAE04EC0-301F-11D3-BF4B-00C04F79EFBC}") = "Tyuiu.GornovTA.Sprint2.Task1.V14.Test", "Tyuiu.GornovTA.Sprint2.Task1.V14.Test\Tyuiu.GornovTA.Sprint2.Task1.V14.Test.csproj", "{098BA166-4349-4D2B-8C05-B10C8270B4AB}"
EndProject
Project("{2150E333-8FDC-42A3-9474-1A3956D46DE8}") = "Task2", "Task2", "{42A060A6-C78F-4160-94D0-70703F59D623}"
EndProject
Project("{FAE04EC0-301F-11D3-BF4B-00C04F79EFBC}") = "Tyuiu.GornovTA.Sprint2.Task2.V8", "Tyuiu.GornovTA.Sprint2.Task2.V8\Tyuiu.GornovTA.Sprint2.Task2.V8.csproj", "{258890FF-F254-4364-AB53-643B2BDA53DF}"
EndProject
Project("{FAE04EC0-301F-11D3-BF4B-00C04F79EFBC}") = "Tyuiu.GornovTA.Sprint2.Task2.V8.Test", "Tyuiu.GornovTA.Sprint2.Task2.V8.Test\Tyuiu.GornovTA.Sprint2.Task2.V8.Test.csproj", "{4C978B6E-B4E0-4B4E-8052-A95CF31F7A61}"
EndProject
Project("{FAE04EC0-301F-11D3-BF4B-00C04F79EFBC}") = "Tyuiu.GornovTA.Sprint2.Task2.V8.Lib", "Tyuiu.GornovTA.Sprint2.Task2.V8.Lib\Tyuiu.GornovTA.Sprint2.Task2.V8.Lib.csproj", "{A91540F5-CC0A-430C-AF0F-C4833A829BE4}"
EndProject
Project("{2150E333-8FDC-42A3-9474-1A3956D46DE8}") = "Task3", "Task3", "{367E51AF-D48C-4F9B-ABA5-1F620F4AF3BF}"
EndProject
Project("{FAE04EC0-301F-11D3-BF4B-00C04F79EFBC}") = "Tyuiu.GornovTA.Sprint2.Task3.V4", "Tyuiu.GornovTA.Sprint2.Task3.V4\Tyuiu.GornovTA.Sprint2.Task3.V4.csproj", "{35C3E421-727B-4A7E-96BD-107C92DAC838}"
EndProject
Project("{FAE04EC0-301F-11D3-BF4B-00C04F79EFBC}") = "Tyuiu.GornovTA.Sprint2.Task3.V4.Lib", "Tyuiu.GornovTA.Sprint2.Task3.V4.Lib\Tyuiu.GornovTA.Sprint2.Task3.V4.Lib.csproj", "{0F34BF2B-15DE-412E-A3FA-C080D86F2E95}"
EndProject
Project("{FAE04EC0-301F-11D3-BF4B-00C04F79EFBC}") = "Tyuiu.GornovTA.Sprint2.Task3.V4.Test", "Tyuiu.GornovTA.Sprint2.Task3.V4.Test\Tyuiu.GornovTA.Sprint2.Task3.V4.Test.csproj", "{34A4B61D-2819-47D4-8585-C2B80E3E9E80}"
EndProject
Project("{2150E333-8FDC-42A3-9474-1A3956D46DE8}") = "Task4", "Task4", "{07D1EEA6-FBA9-45C2-BDA8-8ED19C8F0F98}"
EndProject
Project("{FAE04EC0-301F-11D3-BF4B-00C04F79EFBC}") = "Tyuiu.GornovTA.Sprint2.Task4.V14", "Tyuiu.GornovTA.Sprint2.Task4.V14\Tyuiu.GornovTA.Sprint2.Task4.V14.csproj", "{F8B713F9-AD48-4958-B8BD-42E6EB40916C}"
EndProject
Project("{FAE04EC0-301F-11D3-BF4B-00C04F79EFBC}") = "Tyuiu.GornovTA.Sprint2.Task4.V14.Test", "Tyuiu.GornovTA.Sprint2.Task4.V14.Test\Tyuiu.GornovTA.Sprint2.Task4.V14.Test.csproj", "{175CDFE0-3F54-4AD3-802D-8739A6EA4EF5}"
EndProject
Project("{FAE04EC0-301F-11D3-BF4B-00C04F79EFBC}") = "Tyuiu.GornovTA.Sprint2.Task4.V14.Lib", "Tyuiu.GornovTA.Sprint2.Task4.V14.Lib\Tyuiu.GornovTA.Sprint2.Task4.V14.Lib.csproj", "{385F378C-7F63-45C7-8CDE-622221EFFD2A}"
EndProject
Global
	GlobalSection(SolutionConfigurationPlatforms) = preSolution
		Debug|Any CPU = Debug|Any CPU
		Release|Any CPU = Release|Any CPU
	EndGlobalSection
	GlobalSection(ProjectConfigurationPlatforms) = postSolution
		{5D9940B9-C0A4-4643-8B4A-7E12A2F744E3}.Debug|Any CPU.ActiveCfg = Debug|Any CPU
		{5D9940B9-C0A4-4643-8B4A-7E12A2F744E3}.Debug|Any CPU.Build.0 = Debug|Any CPU
		{5D9940B9-C0A4-4643-8B4A-7E12A2F744E3}.Release|Any CPU.ActiveCfg = Release|Any CPU
		{5D9940B9-C0A4-4643-8B4A-7E12A2F744E3}.Release|Any CPU.Build.0 = Release|Any CPU
		{F3B0B7E4-41BA-4668-8FF5-E4C10578EB47}.Debug|Any CPU.ActiveCfg = Debug|Any CPU
		{F3B0B7E4-41BA-4668-8FF5-E4C10578EB47}.Debug|Any CPU.Build.0 = Debug|Any CPU
		{F3B0B7E4-41BA-4668-8FF5-E4C10578EB47}.Release|Any CPU.ActiveCfg = Release|Any CPU
		{F3B0B7E4-41BA-4668-8FF5-E4C10578EB47}.Release|Any CPU.Build.0 = Release|Any CPU
		{85949E37-7CCC-46EB-A5D0-9133C1F5BFA7}.Debug|Any CPU.ActiveCfg = Debug|Any CPU
		{85949E37-7CCC-46EB-A5D0-9133C1F5BFA7}.Debug|Any CPU.Build.0 = Debug|Any CPU
		{85949E37-7CCC-46EB-A5D0-9133C1F5BFA7}.Release|Any CPU.ActiveCfg = Release|Any CPU
		{85949E37-7CCC-46EB-A5D0-9133C1F5BFA7}.Release|Any CPU.Build.0 = Release|Any CPU
		{AAD454FC-6C88-47BA-ACB1-FB530974CC44}.Debug|Any CPU.ActiveCfg = Debug|Any CPU
		{AAD454FC-6C88-47BA-ACB1-FB530974CC44}.Debug|Any CPU.Build.0 = Debug|Any CPU
		{AAD454FC-6C88-47BA-ACB1-FB530974CC44}.Release|Any CPU.ActiveCfg = Release|Any CPU
		{AAD454FC-6C88-47BA-ACB1-FB530974CC44}.Release|Any CPU.Build.0 = Release|Any CPU
		{AB17E8A5-0886-42ED-8B3A-856EDB1013F2}.Debug|Any CPU.ActiveCfg = Debug|Any CPU
		{AB17E8A5-0886-42ED-8B3A-856EDB1013F2}.Debug|Any CPU.Build.0 = Debug|Any CPU
		{AB17E8A5-0886-42ED-8B3A-856EDB1013F2}.Release|Any CPU.ActiveCfg = Release|Any CPU
		{AB17E8A5-0886-42ED-8B3A-856EDB1013F2}.Release|Any CPU.Build.0 = Release|Any CPU
		{098BA166-4349-4D2B-8C05-B10C8270B4AB}.Debug|Any CPU.ActiveCfg = Debug|Any CPU
		{098BA166-4349-4D2B-8C05-B10C8270B4AB}.Debug|Any CPU.Build.0 = Debug|Any CPU
		{098BA166-4349-4D2B-8C05-B10C8270B4AB}.Release|Any CPU.ActiveCfg = Release|Any CPU
		{098BA166-4349-4D2B-8C05-B10C8270B4AB}.Release|Any CPU.Build.0 = Release|Any CPU
		{258890FF-F254-4364-AB53-643B2BDA53DF}.Debug|Any CPU.ActiveCfg = Debug|Any CPU
		{258890FF-F254-4364-AB53-643B2BDA53DF}.Debug|Any CPU.Build.0 = Debug|Any CPU
		{258890FF-F254-4364-AB53-643B2BDA53DF}.Release|Any CPU.ActiveCfg = Release|Any CPU
		{258890FF-F254-4364-AB53-643B2BDA53DF}.Release|Any CPU.Build.0 = Release|Any CPU
		{4C978B6E-B4E0-4B4E-8052-A95CF31F7A61}.Debug|Any CPU.ActiveCfg = Debug|Any CPU
		{4C978B6E-B4E0-4B4E-8052-A95CF31F7A61}.Debug|Any CPU.Build.0 = Debug|Any CPU
		{4C978B6E-B4E0-4B4E-8052-A95CF31F7A61}.Release|Any CPU.ActiveCfg = Release|Any CPU
		{4C978B6E-B4E0-4B4E-8052-A95CF31F7A61}.Release|Any CPU.Build.0 = Release|Any CPU
		{A91540F5-CC0A-430C-AF0F-C4833A829BE4}.Debug|Any CPU.ActiveCfg = Debug|Any CPU
		{A91540F5-CC0A-430C-AF0F-C4833A829BE4}.Debug|Any CPU.Build.0 = Debug|Any CPU
		{A91540F5-CC0A-430C-AF0F-C4833A829BE4}.Release|Any CPU.ActiveCfg = Release|Any CPU
		{A91540F5-CC0A-430C-AF0F-C4833A829BE4}.Release|Any CPU.Build.0 = Release|Any CPU
		{35C3E421-727B-4A7E-96BD-107C92DAC838}.Debug|Any CPU.ActiveCfg = Debug|Any CPU
		{35C3E421-727B-4A7E-96BD-107C92DAC838}.Debug|Any CPU.Build.0 = Debug|Any CPU
		{35C3E421-727B-4A7E-96BD-107C92DAC838}.Release|Any CPU.ActiveCfg = Release|Any CPU
		{35C3E421-727B-4A7E-96BD-107C92DAC838}.Release|Any CPU.Build.0 = Release|Any CPU
		{0F34BF2B-15DE-412E-A3FA-C080D86F2E95}.Debug|Any CPU.ActiveCfg = Debug|Any CPU
		{0F34BF2B-15DE-412E-A3FA-C080D86F2E95}.Debug|Any CPU.Build.0 = Debug|Any CPU
		{0F34BF2B-15DE-412E-A3FA-C080D86F2E95}.Release|Any CPU.ActiveCfg = Release|Any CPU
		{0F34BF2B-15DE-412E-A3FA-C080D86F2E95}.Release|Any CPU.Build.0 = Release|Any CPU
		{34A4B61D-2819-47D4-8585-C2B80E3E9E80}.Debug|Any CPU.ActiveCfg = Debug|Any CPU
		{34A4B61D-2819-47D4-8585-C2B80E3E9E80}.Debug|Any CPU.Build.0 = Debug|Any CPU
		{34A4B61D-2819-47D4-8585-C2B80E3E9E80}.Release|Any CPU.ActiveCfg = Release|Any CPU
		{34A4B61D-2819-47D4-8585-C2B80E3E9E80}.Release|Any CPU.Build.0 = Release|Any CPU
		{F8B713F9-AD48-4958-B8BD-42E6EB40916C}.Debug|Any CPU.ActiveCfg = Debug|Any CPU
		{F8B713F9-AD48-4958-B8BD-42E6EB40916C}.Debug|Any CPU.Build.0 = Debug|Any CPU
		{F8B713F9-AD48-4958-B8BD-42E6EB40916C}.Release|Any CPU.ActiveCfg = Release|Any CPU
		{F8B713F9-AD48-4958-B8BD-42E6EB40916C}.Release|Any CPU.Build.0 = Release|Any CPU
		{175CDFE0-3F54-4AD3-802D-8739A6EA4EF5}.Debug|Any CPU.ActiveCfg = Debug|Any CPU
		{175CDFE0-3F54-4AD3-802D-8739A6EA4EF5}.Debug|Any CPU.Build.0 = Debug|Any CPU
		{175CDFE0-3F54-4AD3-802D-8739A6EA4EF5}.Release|Any CPU.ActiveCfg = Release|Any CPU
		{175CDFE0-3F54-4AD3-802D-8739A6EA4EF5}.Release|Any CPU.Build.0 = Release|Any CPU
		{385F378C-7F63-45C7-8CDE-622221EFFD2A}.Debug|Any CPU.ActiveCfg = Debug|Any CPU
		{385F378C-7F63-45C7-8CDE-622221EFFD2A}.Debug|Any CPU.Build.0 = Debug|Any CPU
		{385F378C-7F63-45C7-8CDE-622221EFFD2A}.Release|Any CPU.ActiveCfg = Release|Any CPU
		{385F378C-7F63-45C7-8CDE-622221EFFD2A}.Release|Any CPU.Build.0 = Release|Any CPU
	EndGlobalSection
	GlobalSection(SolutionProperties) = preSolution
		HideSolutionNode = FALSE
	EndGlobalSection
	GlobalSection(NestedProjects) = preSolution
		{5D9940B9-C0A4-4643-8B4A-7E12A2F744E3} = {E36B434C-FA17-4DDB-AE99-C1D1AA097476}
		{F3B0B7E4-41BA-4668-8FF5-E4C10578EB47} = {E36B434C-FA17-4DDB-AE99-C1D1AA097476}
		{85949E37-7CCC-46EB-A5D0-9133C1F5BFA7} = {E36B434C-FA17-4DDB-AE99-C1D1AA097476}
		{AAD454FC-6C88-47BA-ACB1-FB530974CC44} = {0152927E-8FA5-4846-94A9-9F25A6E33D2D}
		{AB17E8A5-0886-42ED-8B3A-856EDB1013F2} = {0152927E-8FA5-4846-94A9-9F25A6E33D2D}
		{098BA166-4349-4D2B-8C05-B10C8270B4AB} = {0152927E-8FA5-4846-94A9-9F25A6E33D2D}
		{258890FF-F254-4364-AB53-643B2BDA53DF} = {42A060A6-C78F-4160-94D0-70703F59D623}
		{4C978B6E-B4E0-4B4E-8052-A95CF31F7A61} = {42A060A6-C78F-4160-94D0-70703F59D623}
		{A91540F5-CC0A-430C-AF0F-C4833A829BE4} = {42A060A6-C78F-4160-94D0-70703F59D623}
		{35C3E421-727B-4A7E-96BD-107C92DAC838} = {367E51AF-D48C-4F9B-ABA5-1F620F4AF3BF}
		{0F34BF2B-15DE-412E-A3FA-C080D86F2E95} = {367E51AF-D48C-4F9B-ABA5-1F620F4AF3BF}
		{34A4B61D-2819-47D4-8585-C2B80E3E9E80} = {367E51AF-D48C-4F9B-ABA5-1F620F4AF3BF}
		{F8B713F9-AD48-4958-B8BD-42E6EB40916C} = {07D1EEA6-FBA9-45C2-BDA8-8ED19C8F0F98}
		{175CDFE0-3F54-4AD3-802D-8739A6EA4EF5} = {07D1EEA6-FBA9-45C2-BDA8-8ED19C8F0F98}
		{385F378C-7F63-45C7-8CDE-622221EFFD2A} = {07D1EEA6-FBA9-45C2-BDA8-8ED19C8F0F98}
	EndGlobalSection
	GlobalSection(ExtensibilityGlobals) = postSolution
		SolutionGuid = {994974C1-8DC4-4D44-B61B-ABC947556EC1}
	EndGlobalSection
EndGlobal
